
Microsoft Visual Studio Solution File, Format Version 12.00
Project("{FAE04EC0-301F-11D3-BF4B-00C04F79EFBC}") = "Chapter02-Variables", "Chapter02-Variables\Chapter02-Variables.csproj", "{1DA4CD73-72DB-4CAD-B18A-0119F3BFA372}"
EndProject
Project("{FAE04EC0-301F-11D3-BF4B-00C04F79EFBC}") = "Chaper03-Logic", "Chaper03-Logic\Chaper03-Logic.csproj", "{FA26B2DE-E588-422D-8768-67DFBEC5C03D}"
EndProject
Project("{FAE04EC0-301F-11D3-BF4B-00C04F79EFBC}") = "Chapter04-Collections", "Chapter04-Collections\Chapter04-Collections.csproj", "{0C63B121-B4E6-4563-B6F0-6B829DBC11EC}"
EndProject
Project("{FAE04EC0-301F-11D3-BF4B-00C04F79EFBC}") = "Chapter05-Methods", "Chapter05-Methods\Chapter05-Methods.csproj", "{5428BC62-A134-4782-A7EC-EC2C4DC92F0F}"
EndProject
Global
	GlobalSection(SolutionConfigurationPlatforms) = preSolution
		Debug|Any CPU = Debug|Any CPU
		Release|Any CPU = Release|Any CPU
	EndGlobalSection
	GlobalSection(ProjectConfigurationPlatforms) = postSolution
		{1DA4CD73-72DB-4CAD-B18A-0119F3BFA372}.Debug|Any CPU.ActiveCfg = Debug|Any CPU
		{1DA4CD73-72DB-4CAD-B18A-0119F3BFA372}.Debug|Any CPU.Build.0 = Debug|Any CPU
		{1DA4CD73-72DB-4CAD-B18A-0119F3BFA372}.Release|Any CPU.ActiveCfg = Release|Any CPU
		{1DA4CD73-72DB-4CAD-B18A-0119F3BFA372}.Release|Any CPU.Build.0 = Release|Any CPU
		{FA26B2DE-E588-422D-8768-67DFBEC5C03D}.Debug|Any CPU.ActiveCfg = Debug|Any CPU
		{FA26B2DE-E588-422D-8768-67DFBEC5C03D}.Debug|Any CPU.Build.0 = Debug|Any CPU
		{FA26B2DE-E588-422D-8768-67DFBEC5C03D}.Release|Any CPU.ActiveCfg = Release|Any CPU
		{FA26B2DE-E588-422D-8768-67DFBEC5C03D}.Release|Any CPU.Build.0 = Release|Any CPU
		{0C63B121-B4E6-4563-B6F0-6B829DBC11EC}.Debug|Any CPU.ActiveCfg = Debug|Any CPU
		{0C63B121-B4E6-4563-B6F0-6B829DBC11EC}.Debug|Any CPU.Build.0 = Debug|Any CPU
		{0C63B121-B4E6-4563-B6F0-6B829DBC11EC}.Release|Any CPU.ActiveCfg = Release|Any CPU
		{0C63B121-B4E6-4563-B6F0-6B829DBC11EC}.Release|Any CPU.Build.0 = Release|Any CPU
		{5428BC62-A134-4782-A7EC-EC2C4DC92F0F}.Debug|Any CPU.ActiveCfg = Debug|Any CPU
		{5428BC62-A134-4782-A7EC-EC2C4DC92F0F}.Debug|Any CPU.Build.0 = Debug|Any CPU
		{5428BC62-A134-4782-A7EC-EC2C4DC92F0F}.Release|Any CPU.ActiveCfg = Release|Any CPU
		{5428BC62-A134-4782-A7EC-EC2C4DC92F0F}.Release|Any CPU.Build.0 = Release|Any CPU
	EndGlobalSection
EndGlobal
